
Microsoft Visual Studio Solution File, Format Version 12.00
# Visual Studio 2013
VisualStudioVersion = 12.0.30723.0
MinimumVisualStudioVersion = 10.0.40219.1
Project("{FAE04EC0-301F-11D3-BF4B-00C04F79EFBC}") = "Twainsoft.PCV", "Twainsoft.PCV\Twainsoft.PCV.csproj", "{68C012B2-ECEA-4A42-AB67-9F0E12AFE78C}"
EndProject
Project("{FAE04EC0-301F-11D3-BF4B-00C04F79EFBC}") = "Twainsoft.PCV.Tests", "Twainsoft.PCV.Tests\Twainsoft.PCV.Tests.csproj", "{488B2FEB-A526-4755-85D6-7E861BEFD89F}"
EndProject
Project("{FAE04EC0-301F-11D3-BF4B-00C04F79EFBC}") = "Twainsoft.PCV.WPF.TestApplication", "Twainsoft.PCV.WPF.TestApplication\Twainsoft.PCV.WPF.TestApplication.csproj", "{B953CB3E-5F88-4388-B13A-3AF474218063}"
EndProject
Global
	GlobalSection(SolutionConfigurationPlatforms) = preSolution
		Debug|Any CPU = Debug|Any CPU
		Release|Any CPU = Release|Any CPU
	EndGlobalSection
	GlobalSection(ProjectConfigurationPlatforms) = postSolution
		{68C012B2-ECEA-4A42-AB67-9F0E12AFE78C}.Debug|Any CPU.ActiveCfg = Debug|Any CPU
		{68C012B2-ECEA-4A42-AB67-9F0E12AFE78C}.Debug|Any CPU.Build.0 = Debug|Any CPU
		{68C012B2-ECEA-4A42-AB67-9F0E12AFE78C}.Release|Any CPU.ActiveCfg = Release|Any CPU
		{68C012B2-ECEA-4A42-AB67-9F0E12AFE78C}.Release|Any CPU.Build.0 = Release|Any CPU
		{488B2FEB-A526-4755-85D6-7E861BEFD89F}.Debug|Any CPU.ActiveCfg = Debug|Any CPU
		{488B2FEB-A526-4755-85D6-7E861BEFD89F}.Debug|Any CPU.Build.0 = Debug|Any CPU
		{488B2FEB-A526-4755-85D6-7E861BEFD89F}.Release|Any CPU.ActiveCfg = Release|Any CPU
		{488B2FEB-A526-4755-85D6-7E861BEFD89F}.Release|Any CPU.Build.0 = Release|Any CPU
		{B953CB3E-5F88-4388-B13A-3AF474218063}.Debug|Any CPU.ActiveCfg = Debug|Any CPU
		{B953CB3E-5F88-4388-B13A-3AF474218063}.Debug|Any CPU.Build.0 = Debug|Any CPU
		{B953CB3E-5F88-4388-B13A-3AF474218063}.Release|Any CPU.ActiveCfg = Release|Any CPU
		{B953CB3E-5F88-4388-B13A-3AF474218063}.Release|Any CPU.Build.0 = Release|Any CPU
	EndGlobalSection
	GlobalSection(SolutionProperties) = preSolution
		HideSolutionNode = FALSE
	EndGlobalSection
EndGlobal
